{
  "version": 4,
  "terraform_version": "1.15.8",
  "serial": 2,
  "lineage": "60294fc2-8532-a0c4-871d-6b6ec730959a",
  "outputs": {},
  "resources": [
    {
      "mode": "managed",
      "type": "aws_dynamodb_table",
      "name": "product_table",
      "provider": "provider[\"registry.terraform.io/hashicorp/aws\"]",
      "instances": [
        {
          "schema_version": 1,
          "attributes": {
            "arn": "arn:aws:dynamodb:ap-southeast-1:726101441380:table/L_ProductTable",
            "attribute": [
              {
                "name": "productId",
                "type": "S"
              }
            ],
            "billing_mode": "PAY_PER_REQUEST",
            "deletion_protection_enabled": false,
            "global_secondary_index": [],
            "hash_key": "productId",
            "id": "L_ProductTable",
            "import_table": [],
            "local_secondary_index": [],
            "name": "L_ProductTable",
            "on_demand_throughput": [],
            "point_in_time_recovery": [
              {
                "enabled": false,
                "recovery_period_in_days": 0
              }
            ],
            "range_key": null,
            "read_capacity": 0,
            "replica": [],
            "restore_date_time": null,
            "restore_source_name": null,
            "restore_source_table_arn": null,
            "restore_to_latest_time": null,
            "server_side_encryption": [],
            "stream_arn": "",
            "stream_enabled": false,
            "stream_label": "",
            "stream_view_type": "",
            "table_class": "STANDARD",
            "tags": {
              "ApplicationService": "ProductService",
              "CostCentre": "Project"
            },
            "tags_all": {
              "ApplicationService": "ProductService",
              "CostCentre": "Project"
            },
            "timeouts": null,
            "ttl": [
              {
                "attribute_name": "",
                "enabled": false
              }
            ],
            "write_capacity": 0
          },
          "sensitive_attributes": [],
          "identity_schema_version": 0,
          "private": "eyJlMmJmYjczMC1lY2FhLTExZTYtOGY4OC0zNDM2M2JjN2M0YzAiOnsiY3JlYXRlIjoxODAwMDAwMDAwMDAwLCJkZWxldGUiOjYwMDAwMDAwMDAwMCwidXBkYXRlIjozNjAwMDAwMDAwMDAwfSwic2NoZW1hX3ZlcnNpb24iOiIxIn0="
        }
      ]
    },
    {
      "mode": "managed",
      "type": "aws_iam_role",
      "name": "developer_lakshana",
      "provider": "provider[\"registry.terraform.io/hashicorp/aws\"]",
      "instances": [
        {
          "schema_version": 0,
          "attributes": {
            "arn": "arn:aws:iam::726101441380:role/Developer_Lakshana",
            "assume_role_policy": "{\"Statement\":[{\"Action\":\"sts:AssumeRole\",\"Effect\":\"Allow\",\"Principal\":{\"Service\":\"lambda.amazonaws.com\"}}],\"Version\":\"2012-10-17\"}",
            "create_date": "2026-06-30T14:39:08Z",
            "description": "Allows Lambda functions to call AWS services on your behalf.",
            "force_detach_policies": false,
            "id": "Developer_Lakshana",
            "inline_policy": [
              {
                "name": "L_S3BucketPolicyEditor",
                "policy": "{\"Version\":\"2012-10-17\",\"Statement\":[{\"Action\":[\"s3:GetBucketPolicy\",\"s3:PutBucketPolicy\",\"s3:DeleteBucketPolicy\"],\"Effect\":\"Allow\",\"Resource\":\"arn:aws:s3:::L_EcommProdImages\",\"Sid\":\"BucketPolicyManagement\"},{\"Action\":[\"access-analyzer:ValidatePolicy\"],\"Effect\":\"Allow\",\"Resource\":\"*\",\"Sid\":\"ValidatePolicies\"}]}"
              },
              {
                "name": "s3",
                "policy": "{\"Version\":\"2012-10-17\",\"Statement\":[{\"Action\":[\"s3:PutObject\",\"s3:GetObject\",\"s3:DeleteObject\"],\"Effect\":\"Allow\",\"Resource\":\"arn:aws:s3:::l-ecomm-prod-images/*\",\"Sid\":\"ProductImages\"},{\"Action\":[\"s3:ListBucket\"],\"Effect\":\"Allow\",\"Resource\":\"arn:aws:s3:::l-ecomm-prod-images\",\"Sid\":\"ListBucket\"}]}"
              }
            ],
            "managed_policy_arns": [
              "arn:aws:iam::aws:policy/AWSLambda_FullAccess",
              "arn:aws:iam::aws:policy/AWSXrayFullAccess",
              "arn:aws:iam::aws:policy/AmazonAPIGatewayInvokeFullAccess",
              "arn:aws:iam::aws:policy/AmazonDynamoDBFullAccess",
              "arn:aws:iam::aws:policy/AmazonDynamoDBFullAccess_v2",
              "arn:aws:iam::aws:policy/AmazonS3FilesFullAccess",
              "arn:aws:iam::aws:policy/AmazonS3FullAccess",
              "arn:aws:iam::aws:policy/AmazonSNSFullAccess",
              "arn:aws:iam::aws:policy/AmazonSQSFullAccess",
              "arn:aws:iam::aws:policy/service-role/AWSLambdaBasicExecutionRole"
            ],
            "max_session_duration": 3600,
            "name": "Developer_Lakshana",
            "name_prefix": "",
            "path": "/",
            "permissions_boundary": "",
            "tags": {
              "ApplicationService": "ProductService",
              "CostCentre": "Project"
            },
            "tags_all": {
              "ApplicationService": "ProductService",
              "CostCentre": "Project"
            },
            "unique_id": "AROA2SDYEXNSEUQ5YEPKV"
          },
          "sensitive_attributes": [],
          "identity_schema_version": 0,
          "private": "eyJzY2hlbWFfdmVyc2lvbiI6IjAifQ=="
        }
      ]
    }
  ],
  "check_results": null
}
